// !$*UTF8*$!
{
	archiveVersion = 1;
	classes = {
	};
	objectVersion = 56;
	objects = {

/* Begin PBXBuildFile section */
		7C7AC5882C1487BD001F19B8 /* AppDelegate.swift in Sources */ = {isa = PBXBuildFile; fileRef = 7C7AC5872C1487BD001F19B8 /* AppDelegate.swift */; };
		7C7AC58A2C1487BD001F19B8 /* SceneDelegate.swift in Sources */ = {isa = PBXBuildFile; fileRef = 7C7AC5892C1487BD001F19B8 /* SceneDelegate.swift */; };
		7C7AC58C2C1487BD001F19B8 /* ViewController.swift in Sources */ = {isa = PBXBuildFile; fileRef = 7C7AC58B2C1487BD001F19B8 /* ViewController.swift */; };
		7C7AC58F2C1487BD001F19B8 /* Main.storyboard in Resources */ = {isa = PBXBuildFile; fileRef = 7C7AC58D2C1487BD001F19B8 /* Main.storyboard */; };
		7C7AC5922C1487BD001F19B8 /* JustNew2.xcdatamodeld in Sources */ = {isa = PBXBuildFile; fileRef = 7C7AC5902C1487BD001F19B8 /* JustNew2.xcdatamodeld */; };
		7C7AC5942C1487C0001F19B8 /* Assets.xcassets in Resources */ = {isa = PBXBuildFile; fileRef = 7C7AC5932C1487C0001F19B8 /* Assets.xcassets */; };
		7C7AC5972C1487C0001F19B8 /* LaunchScreen.storyboard in Resources */ = {isa = PBXBuildFile; fileRef = 7C7AC5952C1487C0001F19B8 /* LaunchScreen.storyboard */; };
		7CE5DBAD2C2872B900CE1E02 /* MainViewController.swift in Sources */ = {isa = PBXBuildFile; fileRef = 7CE5DBAC2C2872B900CE1E02 /* MainViewController.swift */; };
		7CE5DBB42C2876A500CE1E02 /* MainTableViewCell.swift in Sources */ = {isa = PBXBuildFile; fileRef = 7CE5DBB32C2876A500CE1E02 /* MainTableViewCell.swift */; };
/* End PBXBuildFile section */

/* Begin PBXFileReference section */
		7C7AC5842C1487BD001F19B8 /* JustNew2.app */ = {isa = PBXFileReference; explicitFileType = wrapper.application; includeInIndex = 0; path = JustNew2.app; sourceTree = BUILT_PRODUCTS_DIR; };
		7C7AC5872C1487BD001F19B8 /* AppDelegate.swift */ = {isa = PBXFileReference; lastKnownFileType = sourcecode.swift; path = AppDelegate.swift; sourceTree = "<group>"; };
		7C7AC5892C1487BD001F19B8 /* SceneDelegate.swift */ = {isa = PBXFileReference; lastKnownFileType = sourcecode.swift; path = SceneDelegate.swift; sourceTree = "<group>"; };
		7C7AC58B2C1487BD001F19B8 /* ViewController.swift */ = {isa = PBXFileReference; lastKnownFileType = sourcecode.swift; path = ViewController.swift; sourceTree = "<group>"; };
		7C7AC58E2C1487BD001F19B8 /* Base */ = {isa = PBXFileReference; lastKnownFileType = file.storyboard; name = Base; path = Base.lproj/Main.storyboard; sourceTree = "<group>"; };
		7C7AC5912C1487BD001F19B8 /* JustNew2.xcdatamodel */ = {isa = PBXFileReference; lastKnownFileType = wrapper.xcdatamodel; path = JustNew2.xcdatamodel; sourceTree = "<group>"; };
		7C7AC5932C1487C0001F19B8 /* Assets.xcassets */ = {isa = PBXFileReference; lastKnownFileType = folder.assetcatalog; path = Assets.xcassets; sourceTree = "<group>"; };
		7C7AC5962C1487C0001F19B8 /* Base */ = {isa = PBXFileReference; lastKnownFileType = file.storyboard; name = Base; path = Base.lproj/LaunchScreen.storyboard; sourceTree = "<group>"; };
		7C7AC5982C1487C1001F19B8 /* Info.plist */ = {isa = PBXFileReference; lastKnownFileType = text.plist.xml; path = Info.plist; sourceTree = "<group>"; };
		7CE5DBAC2C2872B900CE1E02 /* MainViewController.swift */ = {isa = PBXFileReference; lastKnownFileType = sourcecode.swift; path = MainViewController.swift; sourceTree = "<group>"; };
		7CE5DBB32C2876A500CE1E02 /* MainTableViewCell.swift */ = {isa = PBXFileReference; lastKnownFileType = sourcecode.swift; path = MainTableViewCell.swift; sourceTree = "<group>"; };
/* End PBXFileReference section */

/* Begin PBXFrameworksBuildPhase section */
		7C7AC5812C1487BD001F19B8 /* Frameworks */ = {
			isa = PBXFrameworksBuildPhase;
			buildActionMask = 2147483647;
			files = (
			);
			runOnlyForDeploymentPostprocessing = 0;
		};
/* End PBXFrameworksBuildPhase section */

/* Begin PBXGroup section */
		7C7AC57B2C1487BD001F19B8 = {
			isa = PBXGroup;
			children = (
				7C7AC5862C1487BD001F19B8 /* JustNew2 */,
				7C7AC5852C1487BD001F19B8 /* Products */,
			);
			sourceTree = "<group>";
		};
		7C7AC5852C1487BD001F19B8 /* Products */ = {
			isa = PBXGroup;
			children = (
				7C7AC5842C1487BD001F19B8 /* JustNew2.app */,
			);
			name = Products;
			sourceTree = "<group>";
		};
		7C7AC5862C1487BD001F19B8 /* JustNew2 */ = {
			isa = PBXGroup;
			children = (
				7C7AC5872C1487BD001F19B8 /* AppDelegate.swift */,
				7C7AC5892C1487BD001F19B8 /* SceneDelegate.swift */,
				7CE5DBB22C28768000CE1E02 /* Cells */,
				7CE5DBAB2C2872A200CE1E02 /* Controllers */,
				7C7AC58B2C1487BD001F19B8 /* ViewController.swift */,
				7C7AC58D2C1487BD001F19B8 /* Main.storyboard */,
				7C7AC5932C1487C0001F19B8 /* Assets.xcassets */,
				7C7AC5952C1487C0001F19B8 /* LaunchScreen.storyboard */,
				7C7AC5982C1487C1001F19B8 /* Info.plist */,
				7C7AC5902C1487BD001F19B8 /* JustNew2.xcdatamodeld */,
			);
			path = JustNew2;
			sourceTree = "<group>";
		};
		7CE5DBAB2C2872A200CE1E02 /* Controllers */ = {
			isa = PBXGroup;
			children = (
				7CE5DBAC2C2872B900CE1E02 /* MainViewController.swift */,
			);
			path = Controllers;
			sourceTree = "<group>";
		};
		7CE5DBB22C28768000CE1E02 /* Cells */ = {
			isa = PBXGroup;
			children = (
				7CE5DBB32C2876A500CE1E02 /* MainTableViewCell.swift */,
			);
			path = Cells;
			sourceTree = "<group>";
		};
/* End PBXGroup section */

/* Begin PBXNativeTarget section */
		7C7AC5832C1487BD001F19B8 /* JustNew2 */ = {
			isa = PBXNativeTarget;
			buildConfigurationList = 7C7AC59B2C1487C1001F19B8 /* Build configuration list for PBXNativeTarget "JustNew2" */;
			buildPhases = (
				7C7AC5802C1487BD001F19B8 /* Sources */,
				7C7AC5812C1487BD001F19B8 /* Frameworks */,
				7C7AC5822C1487BD001F19B8 /* Resources */,
			);
			buildRules = (
			);
			dependencies = (
			);
			name = JustNew2;
			productName = JustNew2;
			productReference = 7C7AC5842C1487BD001F19B8 /* JustNew2.app */;
			productType = "com.apple.product-type.application";
		};
/* End PBXNativeTarget section */

/* Begin PBXProject section */
		7C7AC57C2C1487BD001F19B8 /* Project object */ = {
			isa = PBXProject;
			attributes = {
				BuildIndependentTargetsInParallel = 1;
				LastSwiftUpdateCheck = 1420;
				LastUpgradeCheck = 1420;
				TargetAttributes = {
					7C7AC5832C1487BD001F19B8 = {
						CreatedOnToolsVersion = 14.2;
					};
				};
			};
			buildConfigurationList = 7C7AC57F2C1487BD001F19B8 /* Build configuration list for PBXProject "JustNew2" */;
			compatibilityVersion = "Xcode 14.0";
			developmentRegion = en;
			hasScannedForEncodings = 0;
			knownRegions = (
				en,
				Base,
			);
			mainGroup = 7C7AC57B2C1487BD001F19B8;
			productRefGroup = 7C7AC5852C1487BD001F19B8 /* Products */;
			projectDirPath = "";
			projectRoot = "";
			targets = (
				7C7AC5832C1487BD001F19B8 /* JustNew2 */,
			);
		};
/* End PBXProject section */

/* Begin PBXResourcesBuildPhase section */
		7C7AC5822C1487BD001F19B8 /* Resources */ = {
			isa = PBXResourcesBuildPhase;
			buildActionMask = 2147483647;
			files = (
				7C7AC5972C1487C0001F19B8 /* LaunchScreen.storyboard in Resources */,
				7C7AC5942C1487C0001F19B8 /* Assets.xcassets in Resources */,
				7C7AC58F2C1487BD001F19B8 /* Main.storyboard in Resources */,
			);
			runOnlyForDeploymentPostprocessing = 0;
		};
/* End PBXResourcesBuildPhase section */

/* Begin PBXSourcesBuildPhase section */
		7C7AC5802C1487BD001F19B8 /* Sources */ = {
			isa = PBXSourcesBuildPhase;
			buildActionMask = 2147483647;
			files = (
				7C7AC58C2C1487BD001F19B8 /* ViewController.swift in Sources */,
				7C7AC5882C1487BD001F19B8 /* AppDelegate.swift in Sources */,
				7C7AC58A2C1487BD001F19B8 /* SceneDelegate.swift in Sources */,
				7C7AC5922C1487BD001F19B8 /* JustNew2.xcdatamodeld in Sources */,
				7CE5DBB42C2876A500CE1E02 /* MainTableViewCell.swift in Sources */,
				7CE5DBAD2C2872B900CE1E02 /* MainViewController.swift in Sources */,
			);
			runOnlyForDeploymentPostprocessing = 0;
		};
/* End PBXSourcesBuildPhase section */

/* Begin PBXVariantGroup section */
		7C7AC58D2C1487BD001F19B8 /* Main.storyboard */ = {
			isa = PBXVariantGroup;
			children = (
				7C7AC58E2C1487BD001F19B8 /* Base */,
			);
			name = Main.storyboard;
			sourceTree = "<group>";
		};
		7C7AC5952C1487C0001F19B8 /* LaunchScreen.storyboard */ = {
			isa = PBXVariantGroup;
			children = (
				7C7AC5962C1487C0001F19B8 /* Base */,
			);
			name = LaunchScreen.storyboard;
			sourceTree = "<group>";
		};
/* End PBXVariantGroup section */

/* Begin XCBuildConfiguration section */
		7C7AC5992C1487C1001F19B8 /* Debug */ = {
			isa = XCBuildConfiguration;
			buildSettings = {
				ALWAYS_SEARCH_USER_PATHS = NO;
				CLANG_ANALYZER_NONNULL = YES;
				CLANG_ANALYZER_NUMBER_OBJECT_CONVERSION = YES_AGGRESSIVE;
				CLANG_CXX_LANGUAGE_STANDARD = "gnu++20";
				CLANG_ENABLE_MODULES = YES;
				CLANG_ENABLE_OBJC_ARC = YES;
				CLANG_ENABLE_OBJC_WEAK = YES;
				CLANG_WARN_BLOCK_CAPTURE_AUTORELEASING = YES;
				CLANG_WARN_BOOL_CONVERSION = YES;
				CLANG_WARN_COMMA = YES;
				CLANG_WARN_CONSTANT_CONVERSION = YES;
				CLANG_WARN_DEPRECATED_OBJC_IMPLEMENTATIONS = YES;
				CLANG_WARN_DIRECT_OBJC_ISA_USAGE = YES_ERROR;
				CLANG_WARN_DOCUMENTATION_COMMENTS = YES;
				CLANG_WARN_EMPTY_BODY = YES;
				CLANG_WARN_ENUM_CONVERSION = YES;
				CLANG_WARN_INFINITE_RECURSION = YES;
				CLANG_WARN_INT_CONVERSION = YES;
				CLANG_WARN_NON_LITERAL_NULL_CONVERSION = YES;
				CLANG_WARN_OBJC_IMPLICIT_RETAIN_SELF = YES;
				CLANG_WARN_OBJC_LITERAL_CONVERSION = YES;
				CLANG_WARN_OBJC_ROOT_CLASS = YES_ERROR;
				CLANG_WARN_QUOTED_INCLUDE_IN_FRAMEWORK_HEADER = YES;
				CLANG_WARN_RANGE_LOOP_ANALYSIS = YES;
				CLANG_WARN_STRICT_PROTOTYPES = YES;
				CLANG_WARN_SUSPICIOUS_MOVE = YES;
				CLANG_WARN_UNGUARDED_AVAILABILITY = YES_AGGRESSIVE;
				CLANG_WARN_UNREACHABLE_CODE = YES;
				CLANG_WARN__DUPLICATE_METHOD_MATCH = YES;
				COPY_PHASE_STRIP = NO;
				DEBUG_INFORMATION_FORMAT = dwarf;
				ENABLE_STRICT_OBJC_MSGSEND = YES;
				ENABLE_TESTABILITY = YES;
				GCC_C_LANGUAGE_STANDARD = gnu11;
				GCC_DYNAMIC_NO_PIC = NO;
				GCC_NO_COMMON_BLOCKS = YES;
				GCC_OPTIMIZATION_LEVEL = 0;
				GCC_PREPROCESSOR_DEFINITIONS = (
					"DEBUG=1",
					"$(inherited)",
				);
				GCC_WARN_64_TO_32_BIT_CONVERSION = YES;
				GCC_WARN_ABOUT_RETURN_TYPE = YES_ERROR;
				GCC_WARN_UNDECLARED_SELECTOR = YES;
				GCC_WARN_UNINITIALIZED_AUTOS = YES_AGGRESSIVE;
				GCC_WARN_UNUSED_FUNCTION = YES;
				GCC_WARN_UNUSED_VARIABLE = YES;
				IPHONEOS_DEPLOYMENT_TARGET = 16.2;
				MTL_ENABLE_DEBUG_INFO = INCLUDE_SOURCE;
				MTL_FAST_MATH = YES;
				ONLY_ACTIVE_ARCH = YES;
				SDKROOT = iphoneos;
				SWIFT_ACTIVE_COMPILATION_CONDITIONS = DEBUG;
				SWIFT_OPTIMIZATION_LEVEL = "-Onone";
			};
			name = Debug;
		};
		7C7AC59A2C1487C1001F19B8 /* Release */ = {
			isa = XCBuildConfiguration;
			buildSettings = {
				ALWAYS_SEARCH_USER_PATHS = NO;
				CLANG_ANALYZER_NONNULL = YES;
				CLANG_ANALYZER_NUMBER_OBJECT_CONVERSION = YES_AGGRESSIVE;
				CLANG_CXX_LANGUAGE_STANDARD = "gnu++20";
				CLANG_ENABLE_MODULES = YES;
				CLANG_ENABLE_OBJC_ARC = YES;
				CLANG_ENABLE_OBJC_WEAK = YES;
				CLANG_WARN_BLOCK_CAPTURE_AUTORELEASING = YES;
				CLANG_WARN_BOOL_CONVERSION = YES;
				CLANG_WARN_COMMA = YES;
				CLANG_WARN_CONSTANT_CONVERSION = YES;
				CLANG_WARN_DEPRECATED_OBJC_IMPLEMENTATIONS = YES;
				CLANG_WARN_DIRECT_OBJC_ISA_USAGE = YES_ERROR;
				CLANG_WARN_DOCUMENTATION_COMMENTS = YES;
				CLANG_WARN_EMPTY_BODY = YES;
				CLANG_WARN_ENUM_CONVERSION = YES;
				CLANG_WARN_INFINITE_RECURSION = YES;
				CLANG_WARN_INT_CONVERSION = YES;
				CLANG_WARN_NON_LITERAL_NULL_CONVERSION = YES;
				CLANG_WARN_OBJC_IMPLICIT_RETAIN_SELF = YES;
				CLANG_WARN_OBJC_LITERAL_CONVERSION = YES;
				CLANG_WARN_OBJC_ROOT_CLASS = YES_ERROR;
				CLANG_WARN_QUOTED_INCLUDE_IN_FRAMEWORK_HEADER = YES;
				CLANG_WARN_RANGE_LOOP_ANALYSIS = YES;
				CLANG_WARN_STRICT_PROTOTYPES = YES;
				CLANG_WARN_SUSPICIOUS_MOVE = YES;
				CLANG_WARN_UNGUARDED_AVAILABILITY = YES_AGGRESSIVE;
				CLANG_WARN_UNREACHABLE_CODE = YES;
				CLANG_WARN__DUPLICATE_METHOD_MATCH = YES;
				COPY_PHASE_STRIP = NO;
				DEBUG_INFORMATION_FORMAT = "dwarf-with-dsym";
				ENABLE_NS_ASSERTIONS = NO;
				ENABLE_STRICT_OBJC_MSGSEND = YES;
				GCC_C_LANGUAGE_STANDARD = gnu11;
				GCC_NO_COMMON_BLOCKS = YES;
				GCC_WARN_64_TO_32_BIT_CONVERSION = YES;
				GCC_WARN_ABOUT_RETURN_TYPE = YES_ERROR;
				GCC_WARN_UNDECLARED_SELECTOR = YES;
				GCC_WARN_UNINITIALIZED_AUTOS = YES_AGGRESSIVE;
				GCC_WARN_UNUSED_FUNCTION = YES;
				GCC_WARN_UNUSED_VARIABLE = YES;
				IPHONEOS_DEPLOYMENT_TARGET = 16.2;
				MTL_ENABLE_DEBUG_INFO = NO;
				MTL_FAST_MATH = YES;
				SDKROOT = iphoneos;
				SWIFT_COMPILATION_MODE = wholemodule;
				SWIFT_OPTIMIZATION_LEVEL = "-O";
				VALIDATE_PRODUCT = YES;
			};
			name = Release;
		};
		7C7AC59C2C1487C1001F19B8 /* Debug */ = {
			isa = XCBuildConfiguration;
			buildSettings = {
				ASSETCATALOG_COMPILER_APPICON_NAME = AppIcon;
				ASSETCATALOG_COMPILER_GLOBAL_ACCENT_COLOR_NAME = AccentColor;
				CODE_SIGN_STYLE = Automatic;
				CURRENT_PROJECT_VERSION = 1;
				GENERATE_INFOPLIST_FILE = YES;
				INFOPLIST_FILE = JustNew2/Info.plist;
				INFOPLIST_KEY_UIApplicationSupportsIndirectInputEvents = YES;
				INFOPLIST_KEY_UILaunchStoryboardName = LaunchScreen;
				INFOPLIST_KEY_UIMainStoryboardFile = Main;
				INFOPLIST_KEY_UISupportedInterfaceOrientations_iPad = "UIInterfaceOrientationPortrait UIInterfaceOrientationPortraitUpsideDown UIInterfaceOrientationLandscapeLeft UIInterfaceOrientationLandscapeRight";
				INFOPLIST_KEY_UISupportedInterfaceOrientations_iPhone = "UIInterfaceOrientationPortrait UIInterfaceOrientationLandscapeLeft UIInterfaceOrientationLandscapeRight";
				LD_RUNPATH_SEARCH_PATHS = (
					"$(inherited)",
					"@executable_path/Frameworks",
				);
				MARKETING_VERSION = 1.0;
				PRODUCT_BUNDLE_IDENTIFIER = samandar.JustNew2;
				PRODUCT_NAME = "$(TARGET_NAME)";
				SWIFT_EMIT_LOC_STRINGS = YES;
				SWIFT_VERSION = 5.0;
				TARGETED_DEVICE_FAMILY = "1,2";
			};
			name = Debug;
		};
		7C7AC59D2C1487C1001F19B8 /* Release */ = {
			isa = XCBuildConfiguration;
			buildSettings = {
				ASSETCATALOG_COMPILER_APPICON_NAME = AppIcon;
				ASSETCATALOG_COMPILER_GLOBAL_ACCENT_COLOR_NAME = AccentColor;
				CODE_SIGN_STYLE = Automatic;
				CURRENT_PROJECT_VERSION = 1;
				GENERATE_INFOPLIST_FILE = YES;
				INFOPLIST_FILE = JustNew2/Info.plist;
				INFOPLIST_KEY_UIApplicationSupportsIndirectInputEvents = YES;
				INFOPLIST_KEY_UILaunchStoryboardName = LaunchScreen;
				INFOPLIST_KEY_UIMainStoryboardFile = Main;
				INFOPLIST_KEY_UISupportedInterfaceOrientations_iPad = "UIInterfaceOrientationPortrait UIInterfaceOrientationPortraitUpsideDown UIInterfaceOrientationLandscapeLeft UIInterfaceOrientationLandscapeRight";
				INFOPLIST_KEY_UISupportedInterfaceOrientations_iPhone = "UIInterfaceOrientationPortrait UIInterfaceOrientationLandscapeLeft UIInterfaceOrientationLandscapeRight";
				LD_RUNPATH_SEARCH_PATHS = (
					"$(inherited)",
					"@executable_path/Frameworks",
				);
				MARKETING_VERSION = 1.0;
				PRODUCT_BUNDLE_IDENTIFIER = samandar.JustNew2;
				PRODUCT_NAME = "$(TARGET_NAME)";
				SWIFT_EMIT_LOC_STRINGS = YES;
				SWIFT_VERSION = 5.0;
				TARGETED_DEVICE_FAMILY = "1,2";
			};
			name = Release;
		};
/* End XCBuildConfiguration section */

/* Begin XCConfigurationList section */
		7C7AC57F2C1487BD001F19B8 /* Build configuration list for PBXProject "JustNew2" */ = {
			isa = XCConfigurationList;
			buildConfigurations = (
				7C7AC5992C1487C1001F19B8 /* Debug */,
				7C7AC59A2C1487C1001F19B8 /* Release */,
			);
			defaultConfigurationIsVisible = 0;
			defaultConfigurationName = Release;
		};
		7C7AC59B2C1487C1001F19B8 /* Build configuration list for PBXNativeTarget "JustNew2" */ = {
			isa = XCConfigurationList;
			buildConfigurations = (
				7C7AC59C2C1487C1001F19B8 /* Debug */,
				7C7AC59D2C1487C1001F19B8 /* Release */,
			);
			defaultConfigurationIsVisible = 0;
			defaultConfigurationName = Release;
		};
/* End XCConfigurationList section */

/* Begin XCVersionGroup section */
		7C7AC5902C1487BD001F19B8 /* JustNew2.xcdatamodeld */ = {
			isa = XCVersionGroup;
			children = (
				7C7AC5912C1487BD001F19B8 /* JustNew2.xcdatamodel */,
			);
			currentVersion = 7C7AC5912C1487BD001F19B8 /* JustNew2.xcdatamodel */;
			path = JustNew2.xcdatamodeld;
			sourceTree = "<group>";
			versionGroupType = wrapper.xcdatamodel;
		};
/* End XCVersionGroup section */
	};
	rootObject = 7C7AC57C2C1487BD001F19B8 /* Project object */;
}
